
Microsoft Visual Studio Solution File, Format Version 12.00
# Visual Studio 15
VisualStudioVersion = 15.0.28010.2048
MinimumVisualStudioVersion = 10.0.40219.1
Project("{9A19103F-16F7-4668-BE54-9A1E7A4F7556}") = "StartAzureSignalrServiceChat", "StartAzureSignalrServiceChat.csproj", "{8BB68F3A-6F6B-464D-82FE-2E76B8D1C03F}"
EndProject
Global
	GlobalSection(SolutionConfigurationPlatforms) = preSolution
		Debug|Any CPU = Debug|Any CPU
		Release|Any CPU = Release|Any CPU
	EndGlobalSection
	GlobalSection(ProjectConfigurationPlatforms) = postSolution
		{8BB68F3A-6F6B-464D-82FE-2E76B8D1C03F}.Debug|Any CPU.ActiveCfg = Debug|Any CPU
		{8BB68F3A-6F6B-464D-82FE-2E76B8D1C03F}.Debug|Any CPU.Build.0 = Debug|Any CPU
		{8BB68F3A-6F6B-464D-82FE-2E76B8D1C03F}.Release|Any CPU.ActiveCfg = Release|Any CPU
		{8BB68F3A-6F6B-464D-82FE-2E76B8D1C03F}.Release|Any CPU.Build.0 = Release|Any CPU
	EndGlobalSection
	GlobalSection(SolutionProperties) = preSolution
		HideSolutionNode = FALSE
	EndGlobalSection
	GlobalSection(ExtensibilityGlobals) = postSolution
		SolutionGuid = {CD22D163-3452-4B12-B938-6D4A9558C686}
	EndGlobalSection
EndGlobal
